
Microsoft Visual Studio Solution File, Format Version 12.00
# Visual Studio 2013
VisualStudioVersion = 12.0.40629.0
MinimumVisualStudioVersion = 10.0.40219.1
Project("{FAE04EC0-301F-11D3-BF4B-00C04F79EFBC}") = "wirelesssacler", "wirelesssacler\wirelesssacler.csproj", "{030206B9-13C8-4089-BE91-9E65926AA612}"
EndProject
Project("{FAE04EC0-301F-11D3-BF4B-00C04F79EFBC}") = "ConnectCom", "ConnectCom\ConnectCom.csproj", "{73B29F30-E71C-4FE0-9343-C13AEA90BFA7}"
EndProject
Project("{FAE04EC0-301F-11D3-BF4B-00C04F79EFBC}") = "CommunicationProtocol", "CommunicationProtocol\CommunicationProtocol.csproj", "{6C5DAFFC-90E1-4EA5-9101-04B929842455}"
EndProject
Project("{FAE04EC0-301F-11D3-BF4B-00C04F79EFBC}") = "_CUSTOM_CONTROLS", "_CUSTOM_CONTROLS\_CUSTOM_CONTROLS.csproj", "{8F34E30F-DE61-416F-A3B0-B015AF578489}"
EndProject
Project("{6141683F-8A12-4E36-9623-2EB02B2C2303}") = "Setup", "Setup\Setup.isproj", "{50427F69-0C88-4FC0-84D8-EE7ADEF1FAEA}"
EndProject
Global
	GlobalSection(SolutionConfigurationPlatforms) = preSolution
		CD_ROM|Any CPU = CD_ROM|Any CPU
		Debug|Any CPU = Debug|Any CPU
		DVD-5|Any CPU = DVD-5|Any CPU
		Release|Any CPU = Release|Any CPU
		SingleImage|Any CPU = SingleImage|Any CPU
	EndGlobalSection
	GlobalSection(ProjectConfigurationPlatforms) = postSolution
		{030206B9-13C8-4089-BE91-9E65926AA612}.CD_ROM|Any CPU.ActiveCfg = Release|Any CPU
		{030206B9-13C8-4089-BE91-9E65926AA612}.CD_ROM|Any CPU.Build.0 = Release|Any CPU
		{030206B9-13C8-4089-BE91-9E65926AA612}.Debug|Any CPU.ActiveCfg = Debug|Any CPU
		{030206B9-13C8-4089-BE91-9E65926AA612}.Debug|Any CPU.Build.0 = Debug|Any CPU
		{030206B9-13C8-4089-BE91-9E65926AA612}.DVD-5|Any CPU.ActiveCfg = Debug|Any CPU
		{030206B9-13C8-4089-BE91-9E65926AA612}.DVD-5|Any CPU.Build.0 = Debug|Any CPU
		{030206B9-13C8-4089-BE91-9E65926AA612}.Release|Any CPU.ActiveCfg = Release|Any CPU
		{030206B9-13C8-4089-BE91-9E65926AA612}.Release|Any CPU.Build.0 = Release|Any CPU
		{030206B9-13C8-4089-BE91-9E65926AA612}.SingleImage|Any CPU.ActiveCfg = Release|Any CPU
		{030206B9-13C8-4089-BE91-9E65926AA612}.SingleImage|Any CPU.Build.0 = Release|Any CPU
		{73B29F30-E71C-4FE0-9343-C13AEA90BFA7}.CD_ROM|Any CPU.ActiveCfg = Release|Any CPU
		{73B29F30-E71C-4FE0-9343-C13AEA90BFA7}.CD_ROM|Any CPU.Build.0 = Release|Any CPU
		{73B29F30-E71C-4FE0-9343-C13AEA90BFA7}.Debug|Any CPU.ActiveCfg = Debug|Any CPU
		{73B29F30-E71C-4FE0-9343-C13AEA90BFA7}.Debug|Any CPU.Build.0 = Debug|Any CPU
		{73B29F30-E71C-4FE0-9343-C13AEA90BFA7}.DVD-5|Any CPU.ActiveCfg = Debug|Any CPU
		{73B29F30-E71C-4FE0-9343-C13AEA90BFA7}.DVD-5|Any CPU.Build.0 = Debug|Any CPU
		{73B29F30-E71C-4FE0-9343-C13AEA90BFA7}.Release|Any CPU.ActiveCfg = Release|Any CPU
		{73B29F30-E71C-4FE0-9343-C13AEA90BFA7}.Release|Any CPU.Build.0 = Release|Any CPU
		{73B29F30-E71C-4FE0-9343-C13AEA90BFA7}.SingleImage|Any CPU.ActiveCfg = Release|Any CPU
		{73B29F30-E71C-4FE0-9343-C13AEA90BFA7}.SingleImage|Any CPU.Build.0 = Release|Any CPU
		{6C5DAFFC-90E1-4EA5-9101-04B929842455}.CD_ROM|Any CPU.ActiveCfg = Release|Any CPU
		{6C5DAFFC-90E1-4EA5-9101-04B929842455}.CD_ROM|Any CPU.Build.0 = Release|Any CPU
		{6C5DAFFC-90E1-4EA5-9101-04B929842455}.Debug|Any CPU.ActiveCfg = Debug|Any CPU
		{6C5DAFFC-90E1-4EA5-9101-04B929842455}.Debug|Any CPU.Build.0 = Debug|Any CPU
		{6C5DAFFC-90E1-4EA5-9101-04B929842455}.DVD-5|Any CPU.ActiveCfg = Debug|Any CPU
		{6C5DAFFC-90E1-4EA5-9101-04B929842455}.DVD-5|Any CPU.Build.0 = Debug|Any CPU
		{6C5DAFFC-90E1-4EA5-9101-04B929842455}.Release|Any CPU.ActiveCfg = Release|Any CPU
		{6C5DAFFC-90E1-4EA5-9101-04B929842455}.Release|Any CPU.Build.0 = Release|Any CPU
		{6C5DAFFC-90E1-4EA5-9101-04B929842455}.Release|Any CPU.Deploy.0 = Release|Any CPU
		{6C5DAFFC-90E1-4EA5-9101-04B929842455}.SingleImage|Any CPU.ActiveCfg = Release|Any CPU
		{6C5DAFFC-90E1-4EA5-9101-04B929842455}.SingleImage|Any CPU.Build.0 = Release|Any CPU
		{8F34E30F-DE61-416F-A3B0-B015AF578489}.CD_ROM|Any CPU.ActiveCfg = Release|Any CPU
		{8F34E30F-DE61-416F-A3B0-B015AF578489}.CD_ROM|Any CPU.Build.0 = Release|Any CPU
		{8F34E30F-DE61-416F-A3B0-B015AF578489}.Debug|Any CPU.ActiveCfg = Debug|Any CPU
		{8F34E30F-DE61-416F-A3B0-B015AF578489}.Debug|Any CPU.Build.0 = Debug|Any CPU
		{8F34E30F-DE61-416F-A3B0-B015AF578489}.DVD-5|Any CPU.ActiveCfg = Debug|Any CPU
		{8F34E30F-DE61-416F-A3B0-B015AF578489}.DVD-5|Any CPU.Build.0 = Debug|Any CPU
		{8F34E30F-DE61-416F-A3B0-B015AF578489}.Release|Any CPU.ActiveCfg = Release|Any CPU
		{8F34E30F-DE61-416F-A3B0-B015AF578489}.Release|Any CPU.Build.0 = Release|Any CPU
		{8F34E30F-DE61-416F-A3B0-B015AF578489}.SingleImage|Any CPU.ActiveCfg = Release|Any CPU
		{8F34E30F-DE61-416F-A3B0-B015AF578489}.SingleImage|Any CPU.Build.0 = Release|Any CPU
		{50427F69-0C88-4FC0-84D8-EE7ADEF1FAEA}.CD_ROM|Any CPU.ActiveCfg = CD_ROM
		{50427F69-0C88-4FC0-84D8-EE7ADEF1FAEA}.CD_ROM|Any CPU.Build.0 = CD_ROM
		{50427F69-0C88-4FC0-84D8-EE7ADEF1FAEA}.Debug|Any CPU.ActiveCfg = SingleImage
		{50427F69-0C88-4FC0-84D8-EE7ADEF1FAEA}.Debug|Any CPU.Build.0 = SingleImage
		{50427F69-0C88-4FC0-84D8-EE7ADEF1FAEA}.DVD-5|Any CPU.ActiveCfg = DVD-5
		{50427F69-0C88-4FC0-84D8-EE7ADEF1FAEA}.DVD-5|Any CPU.Build.0 = DVD-5
		{50427F69-0C88-4FC0-84D8-EE7ADEF1FAEA}.Release|Any CPU.ActiveCfg = SingleImage
		{50427F69-0C88-4FC0-84D8-EE7ADEF1FAEA}.Release|Any CPU.Build.0 = SingleImage
		{50427F69-0C88-4FC0-84D8-EE7ADEF1FAEA}.SingleImage|Any CPU.ActiveCfg = SingleImage
		{50427F69-0C88-4FC0-84D8-EE7ADEF1FAEA}.SingleImage|Any CPU.Build.0 = SingleImage
	EndGlobalSection
	GlobalSection(SolutionProperties) = preSolution
		HideSolutionNode = FALSE
	EndGlobalSection
EndGlobal
